
Microsoft Visual Studio Solution File, Format Version 12.00
# Visual Studio Version 17
VisualStudioVersion = 17.7.34009.444
MinimumVisualStudioVersion = 10.0.40219.1
Project("{F184B08F-C81C-45F6-A57F-5ABD9991F28F}") = "Laboratorioprogra2", "Laboratorioprogra2.vbproj", "{9C6518D7-8138-4506-BE1A-9392E68C2FA0}"
EndProject
Global
	GlobalSection(SolutionConfigurationPlatforms) = preSolution
		Debug|Any CPU = Debug|Any CPU
		Release|Any CPU = Release|Any CPU
	EndGlobalSection
	GlobalSection(ProjectConfigurationPlatforms) = postSolution
		{9C6518D7-8138-4506-BE1A-9392E68C2FA0}.Debug|Any CPU.ActiveCfg = Debug|Any CPU
		{9C6518D7-8138-4506-BE1A-9392E68C2FA0}.Debug|Any CPU.Build.0 = Debug|Any CPU
		{9C6518D7-8138-4506-BE1A-9392E68C2FA0}.Release|Any CPU.ActiveCfg = Release|Any CPU
		{9C6518D7-8138-4506-BE1A-9392E68C2FA0}.Release|Any CPU.Build.0 = Release|Any CPU
	EndGlobalSection
	GlobalSection(SolutionProperties) = preSolution
		HideSolutionNode = FALSE
	EndGlobalSection
	GlobalSection(ExtensibilityGlobals) = postSolution
		SolutionGuid = {7B4EEFFE-7712-479D-AB58-F9AF56A986AC}
	EndGlobalSection
EndGlobal
